
Microsoft Visual Studio Solution File, Format Version 12.00
# Visual Studio Version 17
VisualStudioVersion = 17.4.33213.308
MinimumVisualStudioVersion = 10.0.40219.1
Project("{9A19103F-16F7-4668-BE54-9A1E7A4F7556}") = "TestStriker", "TestStriker\TestStriker.csproj", "{67DBAFB5-A038-4E3D-9239-205F88DA91C4}"
EndProject
Project("{9A19103F-16F7-4668-BE54-9A1E7A4F7556}") = "TestStriker.UnitTests", "TestStriker.UnitTests\TestStriker.UnitTests.csproj", "{68D65D2F-FC8C-427D-8C6C-2FBB9B3D27F2}"
EndProject
Global
	GlobalSection(SolutionConfigurationPlatforms) = preSolution
		Debug|Any CPU = Debug|Any CPU
		Release|Any CPU = Release|Any CPU
	EndGlobalSection
	GlobalSection(ProjectConfigurationPlatforms) = postSolution
		{67DBAFB5-A038-4E3D-9239-205F88DA91C4}.Debug|Any CPU.ActiveCfg = Debug|Any CPU
		{67DBAFB5-A038-4E3D-9239-205F88DA91C4}.Debug|Any CPU.Build.0 = Debug|Any CPU
		{67DBAFB5-A038-4E3D-9239-205F88DA91C4}.Release|Any CPU.ActiveCfg = Release|Any CPU
		{67DBAFB5-A038-4E3D-9239-205F88DA91C4}.Release|Any CPU.Build.0 = Release|Any CPU
		{68D65D2F-FC8C-427D-8C6C-2FBB9B3D27F2}.Debug|Any CPU.ActiveCfg = Debug|Any CPU
		{68D65D2F-FC8C-427D-8C6C-2FBB9B3D27F2}.Debug|Any CPU.Build.0 = Debug|Any CPU
		{68D65D2F-FC8C-427D-8C6C-2FBB9B3D27F2}.Release|Any CPU.ActiveCfg = Release|Any CPU
		{68D65D2F-FC8C-427D-8C6C-2FBB9B3D27F2}.Release|Any CPU.Build.0 = Release|Any CPU
	EndGlobalSection
	GlobalSection(SolutionProperties) = preSolution
		HideSolutionNode = FALSE
	EndGlobalSection
	GlobalSection(ExtensibilityGlobals) = postSolution
		SolutionGuid = {7B2427CA-D6D8-47DB-84CC-08C74A951886}
	EndGlobalSection
EndGlobal
